{
  "nodes": {
    "filc-src": {
      "flake": false,
      "locked": {
        "lastModified": 1761469688,
        "narHash": "sha256-aPI587uCMkrYxEMUBlWYXl7xQLQQHhJLXWvhluofAT0=",
        "path": "/home/mbrock/fil-c",
        "type": "path"
      },
      "original": {
        "path": "/home/mbrock/fil-c",
        "type": "path"
      }
    },
    "nixpkgs": {
      "locked": {
        "lastModified": 1761443461,
        "narHash": "sha256-H59VXMj9zlPFxza/X4rQS42wLrma66vmTCS80Oy1YNg=",
        "path": "/home/mbrock/nixpkgs",
        "type": "path"
      },
      "original": {
        "path": "/home/mbrock/nixpkgs",
        "type": "path"
      }
    },
    "root": {
      "inputs": {
        "filc-src": "filc-src",
        "nixpkgs": "nixpkgs"
      }
    }
  },
  "root": "root",
  "version": 7
}
