{
  "nodes": {
    "nixpkgs": {
      "flake": false,
      "locked": {
        "lastModified": 1790156462,
        "narHash": "sha256-1pGdUxoeOm3yriHKpLwrsl/K86Zbzvt0cqJjXG/VG90=",
        "owner": "lessrest",
        "repo": "filnixpkgs",
        "rev": "118d872d35b2ddbff87356e6dc407affe40032ad",
        "type": "github"
      },
      "original": {
        "owner": "lessrest",
        "repo": "filnixpkgs",
        "rev": "118d872d35b2ddbff87356e6dc407affe40032ad",
        "type": "github"
      }
    },
    "root": {
      "inputs": {
        "nixpkgs": "nixpkgs"
      }
    }
  },
  "root": "root",
  "version": 7
}
