{
  "nodes": {
    "nixpkgs": {
      "flake": false,
      "locked": {
        "lastModified": 1790508902,
        "narHash": "sha256-hbngtJs49PqmFpw7QQZRNiSEwd9Q5qtUKKshZHTfGJs=",
        "owner": "lessrest",
        "repo": "filnixpkgs",
        "rev": "e63c68034d742160a48ca80640442337e6356cf4",
        "type": "github"
      },
      "original": {
        "owner": "lessrest",
        "repo": "filnixpkgs",
        "rev": "e63c68034d742160a48ca80640442337e6356cf4",
        "type": "github"
      }
    },
    "root": {
      "inputs": {
        "nixpkgs": "nixpkgs"
      }
    }
  },
  "root": "root",
  "version": 7
}
