{
  "nodes": {
    "nixpkgs": {
      "flake": false,
      "locked": {
        "lastModified": 1790508902,
        "narHash": "sha256-hbngtJs49PqmFpw7QQZRNiSEwd9Q5qtUKKshZHTfGJs=",
        "owner": "lessrest",
        "repo": "filnixpkgs",
        "rev": "e63c68034d742160a48ca80640442337e6356cf4",
        "type": "github"
      },
      "original": {
        "owner": "lessrest",
        "repo": "filnixpkgs",
        "rev": "e63c68034d742160a48ca80640442337e6356cf4",
        "type": "github"
      }
    },
    "nxtui": {
      "flake": false,
      "locked": {
        "lastModified": 1790967674,
        "narHash": "sha256-Tq+uuGL6Z7rNPsluPAdXJe0wwLvbZJZdsxoTzoLwXMI=",
        "owner": "mbrock",
        "repo": "nxtui",
        "rev": "50e7caffc371960e8473f12b138dcbc925fbdcd2",
        "type": "github"
      },
      "original": {
        "owner": "mbrock",
        "repo": "nxtui",
        "rev": "50e7caffc371960e8473f12b138dcbc925fbdcd2",
        "type": "github"
      }
    },
    "root": {
      "inputs": {
        "nixpkgs": "nixpkgs",
        "nxtui": "nxtui"
      }
    }
  },
  "root": "root",
  "version": 7
}
